
Microsoft Visual Studio Solution File, Format Version 12.00
# Visual Studio Version 17
VisualStudioVersion = 17.14.36511.14 d17.14
MinimumVisualStudioVersion = 10.0.40219.1
Project("{8BC9CEB8-8B4A-11D0-8D11-00A0C91BC942}") = "Lab11.2.A", "Lab11.2.A\Lab11.2.A.vcxproj", "{F7EF2211-4D20-4135-9E8C-124A55CD1327}"
EndProject
Project("{8BC9CEB8-8B4A-11D0-8D11-00A0C91BC942}") = "UnitTest11.2.A", "UnitTest11.2.A\UnitTest11.2.A.vcxproj", "{A6C46C2D-E231-7663-9728-E0039E668788}"
EndProject
Global
	GlobalSection(SolutionConfigurationPlatforms) = preSolution
		Debug|ARM64 = Debug|ARM64
		Debug|x64 = Debug|x64
		Debug|x86 = Debug|x86
		Release|ARM64 = Release|ARM64
		Release|x64 = Release|x64
		Release|x86 = Release|x86
	EndGlobalSection
	GlobalSection(ProjectConfigurationPlatforms) = postSolution
		{F7EF2211-4D20-4135-9E8C-124A55CD1327}.Debug|ARM64.ActiveCfg = Debug|ARM64
		{F7EF2211-4D20-4135-9E8C-124A55CD1327}.Debug|ARM64.Build.0 = Debug|ARM64
		{F7EF2211-4D20-4135-9E8C-124A55CD1327}.Debug|x64.ActiveCfg = Debug|x64
		{F7EF2211-4D20-4135-9E8C-124A55CD1327}.Debug|x64.Build.0 = Debug|x64
		{F7EF2211-4D20-4135-9E8C-124A55CD1327}.Debug|x86.ActiveCfg = Debug|Win32
		{F7EF2211-4D20-4135-9E8C-124A55CD1327}.Debug|x86.Build.0 = Debug|Win32
		{F7EF2211-4D20-4135-9E8C-124A55CD1327}.Release|ARM64.ActiveCfg = Release|ARM64
		{F7EF2211-4D20-4135-9E8C-124A55CD1327}.Release|ARM64.Build.0 = Release|ARM64
		{F7EF2211-4D20-4135-9E8C-124A55CD1327}.Release|x64.ActiveCfg = Release|x64
		{F7EF2211-4D20-4135-9E8C-124A55CD1327}.Release|x64.Build.0 = Release|x64
		{F7EF2211-4D20-4135-9E8C-124A55CD1327}.Release|x86.ActiveCfg = Release|Win32
		{F7EF2211-4D20-4135-9E8C-124A55CD1327}.Release|x86.Build.0 = Release|Win32
		{A6C46C2D-E231-7663-9728-E0039E668788}.Debug|ARM64.ActiveCfg = Debug|ARM64
		{A6C46C2D-E231-7663-9728-E0039E668788}.Debug|ARM64.Build.0 = Debug|ARM64
		{A6C46C2D-E231-7663-9728-E0039E668788}.Debug|x64.ActiveCfg = Debug|x64
		{A6C46C2D-E231-7663-9728-E0039E668788}.Debug|x64.Build.0 = Debug|x64
		{A6C46C2D-E231-7663-9728-E0039E668788}.Debug|x86.ActiveCfg = Debug|Win32
		{A6C46C2D-E231-7663-9728-E0039E668788}.Debug|x86.Build.0 = Debug|Win32
		{A6C46C2D-E231-7663-9728-E0039E668788}.Release|ARM64.ActiveCfg = Release|ARM64
		{A6C46C2D-E231-7663-9728-E0039E668788}.Release|ARM64.Build.0 = Release|ARM64
		{A6C46C2D-E231-7663-9728-E0039E668788}.Release|x64.ActiveCfg = Release|x64
		{A6C46C2D-E231-7663-9728-E0039E668788}.Release|x64.Build.0 = Release|x64
		{A6C46C2D-E231-7663-9728-E0039E668788}.Release|x86.ActiveCfg = Release|Win32
		{A6C46C2D-E231-7663-9728-E0039E668788}.Release|x86.Build.0 = Release|Win32
	EndGlobalSection
	GlobalSection(SolutionProperties) = preSolution
		HideSolutionNode = FALSE
	EndGlobalSection
	GlobalSection(ExtensibilityGlobals) = postSolution
		SolutionGuid = {B9D6CD8B-DE8D-4CC0-8445-60161CA80C56}
	EndGlobalSection
EndGlobal
